// !$*UTF8*$!
{
	archiveVersion = 1;
	classes = {
	};
	objectVersion = 50;
	objects = {

/* Begin PBXBuildFile section */
		535F731F25DD807900296826 /* DataView.swift in Sources */ = {isa = PBXBuildFile; fileRef = 535F731E25DD807900296826 /* DataView.swift */; };
		535F732225DD896000296826 /* ImageView.swift in Sources */ = {isa = PBXBuildFile; fileRef = 535F732125DD896000296826 /* ImageView.swift */; };
		535F732525DD9AEE00296826 /* ViewController.swift in Sources */ = {isa = PBXBuildFile; fileRef = 535F732425DD9AEE00296826 /* ViewController.swift */; };
		538ABD9525DA0C360034F15D /* App02_MyDataApp.swift in Sources */ = {isa = PBXBuildFile; fileRef = 538ABD9425DA0C360034F15D /* App02_MyDataApp.swift */; };
		538ABD9725DA0C360034F15D /* ContentView.swift in Sources */ = {isa = PBXBuildFile; fileRef = 538ABD9625DA0C360034F15D /* ContentView.swift */; };
		538ABD9925DA0C380034F15D /* Assets.xcassets in Resources */ = {isa = PBXBuildFile; fileRef = 538ABD9825DA0C380034F15D /* Assets.xcassets */; };
		538ABD9C25DA0C380034F15D /* Preview Assets.xcassets in Resources */ = {isa = PBXBuildFile; fileRef = 538ABD9B25DA0C380034F15D /* Preview Assets.xcassets */; };
		538E78C625DC7A920018878E /* RobotoMono-Regular.ttf in Resources */ = {isa = PBXBuildFile; fileRef = 538E78C525DC7A920018878E /* RobotoMono-Regular.ttf */; };
		538E78C925DC7AA30018878E /* Roboto-Regular.ttf in Resources */ = {isa = PBXBuildFile; fileRef = 538E78C825DC7AA30018878E /* Roboto-Regular.ttf */; };
		538E78CC25DC7BD30018878E /* Fonts.swift in Sources */ = {isa = PBXBuildFile; fileRef = 538E78CB25DC7BD30018878E /* Fonts.swift */; };
		53F0F20725DB6A67004AE567 /* Colors.xcassets in Resources */ = {isa = PBXBuildFile; fileRef = 53F0F20625DB6A67004AE567 /* Colors.xcassets */; };
/* End PBXBuildFile section */

/* Begin PBXFileReference section */
		535F731E25DD807900296826 /* DataView.swift */ = {isa = PBXFileReference; lastKnownFileType = sourcecode.swift; path = DataView.swift; sourceTree = "<group>"; };
		535F732125DD896000296826 /* ImageView.swift */ = {isa = PBXFileReference; lastKnownFileType = sourcecode.swift; path = ImageView.swift; sourceTree = "<group>"; };
		535F732425DD9AEE00296826 /* ViewController.swift */ = {isa = PBXFileReference; lastKnownFileType = sourcecode.swift; path = ViewController.swift; sourceTree = "<group>"; };
		538ABD9125DA0C360034F15D /* App02-MyData.app */ = {isa = PBXFileReference; explicitFileType = wrapper.application; includeInIndex = 0; path = "App02-MyData.app"; sourceTree = BUILT_PRODUCTS_DIR; };
		538ABD9425DA0C360034F15D /* App02_MyDataApp.swift */ = {isa = PBXFileReference; lastKnownFileType = sourcecode.swift; path = App02_MyDataApp.swift; sourceTree = "<group>"; };
		538ABD9625DA0C360034F15D /* ContentView.swift */ = {isa = PBXFileReference; lastKnownFileType = sourcecode.swift; path = ContentView.swift; sourceTree = "<group>"; };
		538ABD9825DA0C380034F15D /* Assets.xcassets */ = {isa = PBXFileReference; lastKnownFileType = folder.assetcatalog; path = Assets.xcassets; sourceTree = "<group>"; };
		538ABD9B25DA0C380034F15D /* Preview Assets.xcassets */ = {isa = PBXFileReference; lastKnownFileType = folder.assetcatalog; path = "Preview Assets.xcassets"; sourceTree = "<group>"; };
		538ABD9D25DA0C380034F15D /* Info.plist */ = {isa = PBXFileReference; lastKnownFileType = text.plist.xml; path = Info.plist; sourceTree = "<group>"; };
		538E78C525DC7A920018878E /* RobotoMono-Regular.ttf */ = {isa = PBXFileReference; lastKnownFileType = file; path = "RobotoMono-Regular.ttf"; sourceTree = "<group>"; };
		538E78C825DC7AA30018878E /* Roboto-Regular.ttf */ = {isa = PBXFileReference; lastKnownFileType = file; path = "Roboto-Regular.ttf"; sourceTree = "<group>"; };
		538E78CB25DC7BD30018878E /* Fonts.swift */ = {isa = PBXFileReference; lastKnownFileType = sourcecode.swift; name = Fonts.swift; path = "App02-MyData/Fonts.swift"; sourceTree = SOURCE_ROOT; };
		53F0F20625DB6A67004AE567 /* Colors.xcassets */ = {isa = PBXFileReference; lastKnownFileType = folder.assetcatalog; path = Colors.xcassets; sourceTree = "<group>"; };
/* End PBXFileReference section */

/* Begin PBXFrameworksBuildPhase section */
		538ABD8E25DA0C360034F15D /* Frameworks */ = {
			isa = PBXFrameworksBuildPhase;
			buildActionMask = 2147483647;
			files = (
			);
			runOnlyForDeploymentPostprocessing = 0;
		};
/* End PBXFrameworksBuildPhase section */

/* Begin PBXGroup section */
		538ABD8825DA0C360034F15D = {
			isa = PBXGroup;
			children = (
				538ABD9325DA0C360034F15D /* App02-MyData */,
				538ABD9225DA0C360034F15D /* Products */,
			);
			sourceTree = "<group>";
		};
		538ABD9225DA0C360034F15D /* Products */ = {
			isa = PBXGroup;
			children = (
				538ABD9125DA0C360034F15D /* App02-MyData.app */,
			);
			name = Products;
			sourceTree = "<group>";
		};
		538ABD9325DA0C360034F15D /* App02-MyData */ = {
			isa = PBXGroup;
			children = (
				538E78C425DC7A4F0018878E /* Fonts */,
				538ABD9425DA0C360034F15D /* App02_MyDataApp.swift */,
				538ABD9625DA0C360034F15D /* ContentView.swift */,
				535F732125DD896000296826 /* ImageView.swift */,
				535F731E25DD807900296826 /* DataView.swift */,
				538ABD9825DA0C380034F15D /* Assets.xcassets */,
				53F0F20625DB6A67004AE567 /* Colors.xcassets */,
				538ABD9D25DA0C380034F15D /* Info.plist */,
				538ABD9A25DA0C380034F15D /* Preview Content */,
				535F732425DD9AEE00296826 /* ViewController.swift */,
			);
			path = "App02-MyData";
			sourceTree = "<group>";
		};
		538ABD9A25DA0C380034F15D /* Preview Content */ = {
			isa = PBXGroup;
			children = (
				538ABD9B25DA0C380034F15D /* Preview Assets.xcassets */,
			);
			path = "Preview Content";
			sourceTree = "<group>";
		};
		538E78C425DC7A4F0018878E /* Fonts */ = {
			isa = PBXGroup;
			children = (
				538E78CB25DC7BD30018878E /* Fonts.swift */,
				538E78C825DC7AA30018878E /* Roboto-Regular.ttf */,
				538E78C525DC7A920018878E /* RobotoMono-Regular.ttf */,
			);
			path = Fonts;
			sourceTree = "<group>";
		};
/* End PBXGroup section */

/* Begin PBXNativeTarget section */
		538ABD9025DA0C360034F15D /* App02-MyData */ = {
			isa = PBXNativeTarget;
			buildConfigurationList = 538ABDA025DA0C380034F15D /* Build configuration list for PBXNativeTarget "App02-MyData" */;
			buildPhases = (
				538ABD8D25DA0C360034F15D /* Sources */,
				538ABD8E25DA0C360034F15D /* Frameworks */,
				538ABD8F25DA0C360034F15D /* Resources */,
			);
			buildRules = (
			);
			dependencies = (
			);
			name = "App02-MyData";
			productName = "App01-MisDatos";
			productReference = 538ABD9125DA0C360034F15D /* App02-MyData.app */;
			productType = "com.apple.product-type.application";
		};
/* End PBXNativeTarget section */

/* Begin PBXProject section */
		538ABD8925DA0C360034F15D /* Project object */ = {
			isa = PBXProject;
			attributes = {
				LastSwiftUpdateCheck = 1240;
				LastUpgradeCheck = 1240;
				TargetAttributes = {
					538ABD9025DA0C360034F15D = {
						CreatedOnToolsVersion = 12.4;
					};
				};
			};
			buildConfigurationList = 538ABD8C25DA0C360034F15D /* Build configuration list for PBXProject "App02-MyData" */;
			compatibilityVersion = "Xcode 9.3";
			developmentRegion = en;
			hasScannedForEncodings = 0;
			knownRegions = (
				en,
				Base,
			);
			mainGroup = 538ABD8825DA0C360034F15D;
			productRefGroup = 538ABD9225DA0C360034F15D /* Products */;
			projectDirPath = "";
			projectRoot = "";
			targets = (
				538ABD9025DA0C360034F15D /* App02-MyData */,
			);
		};
/* End PBXProject section */

/* Begin PBXResourcesBuildPhase section */
		538ABD8F25DA0C360034F15D /* Resources */ = {
			isa = PBXResourcesBuildPhase;
			buildActionMask = 2147483647;
			files = (
				53F0F20725DB6A67004AE567 /* Colors.xcassets in Resources */,
				538ABD9C25DA0C380034F15D /* Preview Assets.xcassets in Resources */,
				538E78C925DC7AA30018878E /* Roboto-Regular.ttf in Resources */,
				538ABD9925DA0C380034F15D /* Assets.xcassets in Resources */,
				538E78C625DC7A920018878E /* RobotoMono-Regular.ttf in Resources */,
			);
			runOnlyForDeploymentPostprocessing = 0;
		};
/* End PBXResourcesBuildPhase section */

/* Begin PBXSourcesBuildPhase section */
		538ABD8D25DA0C360034F15D /* Sources */ = {
			isa = PBXSourcesBuildPhase;
			buildActionMask = 2147483647;
			files = (
				535F732525DD9AEE00296826 /* ViewController.swift in Sources */,
				535F732225DD896000296826 /* ImageView.swift in Sources */,
				538ABD9725DA0C360034F15D /* ContentView.swift in Sources */,
				538E78CC25DC7BD30018878E /* Fonts.swift in Sources */,
				535F731F25DD807900296826 /* DataView.swift in Sources */,
				538ABD9525DA0C360034F15D /* App02_MyDataApp.swift in Sources */,
			);
			runOnlyForDeploymentPostprocessing = 0;
		};
/* End PBXSourcesBuildPhase section */

/* Begin XCBuildConfiguration section */
		538ABD9E25DA0C380034F15D /* Debug */ = {
			isa = XCBuildConfiguration;
			buildSettings = {
				ALWAYS_SEARCH_USER_PATHS = NO;
				CLANG_ANALYZER_NONNULL = YES;
				CLANG_ANALYZER_NUMBER_OBJECT_CONVERSION = YES_AGGRESSIVE;
				CLANG_CXX_LANGUAGE_STANDARD = "gnu++14";
				CLANG_CXX_LIBRARY = "libc++";
				CLANG_ENABLE_MODULES = YES;
				CLANG_ENABLE_OBJC_ARC = YES;
				CLANG_ENABLE_OBJC_WEAK = YES;
				CLANG_WARN_BLOCK_CAPTURE_AUTORELEASING = YES;
				CLANG_WARN_BOOL_CONVERSION = YES;
				CLANG_WARN_COMMA = YES;
				CLANG_WARN_CONSTANT_CONVERSION = YES;
				CLANG_WARN_DEPRECATED_OBJC_IMPLEMENTATIONS = YES;
				CLANG_WARN_DIRECT_OBJC_ISA_USAGE = YES_ERROR;
				CLANG_WARN_DOCUMENTATION_COMMENTS = YES;
				CLANG_WARN_EMPTY_BODY = YES;
				CLANG_WARN_ENUM_CONVERSION = YES;
				CLANG_WARN_INFINITE_RECURSION = YES;
				CLANG_WARN_INT_CONVERSION = YES;
				CLANG_WARN_NON_LITERAL_NULL_CONVERSION = YES;
				CLANG_WARN_OBJC_IMPLICIT_RETAIN_SELF = YES;
				CLANG_WARN_OBJC_LITERAL_CONVERSION = YES;
				CLANG_WARN_OBJC_ROOT_CLASS = YES_ERROR;
				CLANG_WARN_QUOTED_INCLUDE_IN_FRAMEWORK_HEADER = YES;
				CLANG_WARN_RANGE_LOOP_ANALYSIS = YES;
				CLANG_WARN_STRICT_PROTOTYPES = YES;
				CLANG_WARN_SUSPICIOUS_MOVE = YES;
				CLANG_WARN_UNGUARDED_AVAILABILITY = YES_AGGRESSIVE;
				CLANG_WARN_UNREACHABLE_CODE = YES;
				CLANG_WARN__DUPLICATE_METHOD_MATCH = YES;
				COPY_PHASE_STRIP = NO;
				DEBUG_INFORMATION_FORMAT = dwarf;
				ENABLE_STRICT_OBJC_MSGSEND = YES;
				ENABLE_TESTABILITY = YES;
				GCC_C_LANGUAGE_STANDARD = gnu11;
				GCC_DYNAMIC_NO_PIC = NO;
				GCC_NO_COMMON_BLOCKS = YES;
				GCC_OPTIMIZATION_LEVEL = 0;
				GCC_PREPROCESSOR_DEFINITIONS = (
					"DEBUG=1",
					"$(inherited)",
				);
				GCC_WARN_64_TO_32_BIT_CONVERSION = YES;
				GCC_WARN_ABOUT_RETURN_TYPE = YES_ERROR;
				GCC_WARN_UNDECLARED_SELECTOR = YES;
				GCC_WARN_UNINITIALIZED_AUTOS = YES_AGGRESSIVE;
				GCC_WARN_UNUSED_FUNCTION = YES;
				GCC_WARN_UNUSED_VARIABLE = YES;
				IPHONEOS_DEPLOYMENT_TARGET = 14.4;
				MTL_ENABLE_DEBUG_INFO = INCLUDE_SOURCE;
				MTL_FAST_MATH = YES;
				ONLY_ACTIVE_ARCH = YES;
				SDKROOT = iphoneos;
				SWIFT_ACTIVE_COMPILATION_CONDITIONS = DEBUG;
				SWIFT_OPTIMIZATION_LEVEL = "-Onone";
			};
			name = Debug;
		};
		538ABD9F25DA0C380034F15D /* Release */ = {
			isa = XCBuildConfiguration;
			buildSettings = {
				ALWAYS_SEARCH_USER_PATHS = NO;
				CLANG_ANALYZER_NONNULL = YES;
				CLANG_ANALYZER_NUMBER_OBJECT_CONVERSION = YES_AGGRESSIVE;
				CLANG_CXX_LANGUAGE_STANDARD = "gnu++14";
				CLANG_CXX_LIBRARY = "libc++";
				CLANG_ENABLE_MODULES = YES;
				CLANG_ENABLE_OBJC_ARC = YES;
				CLANG_ENABLE_OBJC_WEAK = YES;
				CLANG_WARN_BLOCK_CAPTURE_AUTORELEASING = YES;
				CLANG_WARN_BOOL_CONVERSION = YES;
				CLANG_WARN_COMMA = YES;
				CLANG_WARN_CONSTANT_CONVERSION = YES;
				CLANG_WARN_DEPRECATED_OBJC_IMPLEMENTATIONS = YES;
				CLANG_WARN_DIRECT_OBJC_ISA_USAGE = YES_ERROR;
				CLANG_WARN_DOCUMENTATION_COMMENTS = YES;
				CLANG_WARN_EMPTY_BODY = YES;
				CLANG_WARN_ENUM_CONVERSION = YES;
				CLANG_WARN_INFINITE_RECURSION = YES;
				CLANG_WARN_INT_CONVERSION = YES;
				CLANG_WARN_NON_LITERAL_NULL_CONVERSION = YES;
				CLANG_WARN_OBJC_IMPLICIT_RETAIN_SELF = YES;
				CLANG_WARN_OBJC_LITERAL_CONVERSION = YES;
				CLANG_WARN_OBJC_ROOT_CLASS = YES_ERROR;
				CLANG_WARN_QUOTED_INCLUDE_IN_FRAMEWORK_HEADER = YES;
				CLANG_WARN_RANGE_LOOP_ANALYSIS = YES;
				CLANG_WARN_STRICT_PROTOTYPES = YES;
				CLANG_WARN_SUSPICIOUS_MOVE = YES;
				CLANG_WARN_UNGUARDED_AVAILABILITY = YES_AGGRESSIVE;
				CLANG_WARN_UNREACHABLE_CODE = YES;
				CLANG_WARN__DUPLICATE_METHOD_MATCH = YES;
				COPY_PHASE_STRIP = NO;
				DEBUG_INFORMATION_FORMAT = "dwarf-with-dsym";
				ENABLE_NS_ASSERTIONS = NO;
				ENABLE_STRICT_OBJC_MSGSEND = YES;
				GCC_C_LANGUAGE_STANDARD = gnu11;
				GCC_NO_COMMON_BLOCKS = YES;
				GCC_WARN_64_TO_32_BIT_CONVERSION = YES;
				GCC_WARN_ABOUT_RETURN_TYPE = YES_ERROR;
				GCC_WARN_UNDECLARED_SELECTOR = YES;
				GCC_WARN_UNINITIALIZED_AUTOS = YES_AGGRESSIVE;
				GCC_WARN_UNUSED_FUNCTION = YES;
				GCC_WARN_UNUSED_VARIABLE = YES;
				IPHONEOS_DEPLOYMENT_TARGET = 14.4;
				MTL_ENABLE_DEBUG_INFO = NO;
				MTL_FAST_MATH = YES;
				SDKROOT = iphoneos;
				SWIFT_COMPILATION_MODE = wholemodule;
				SWIFT_OPTIMIZATION_LEVEL = "-O";
				VALIDATE_PRODUCT = YES;
			};
			name = Release;
		};
		538ABDA125DA0C380034F15D /* Debug */ = {
			isa = XCBuildConfiguration;
			buildSettings = {
				ASSETCATALOG_COMPILER_APPICON_NAME = AppIcon;
				ASSETCATALOG_COMPILER_GLOBAL_ACCENT_COLOR_NAME = AccentColor;
				CODE_SIGN_STYLE = Automatic;
				DEVELOPMENT_ASSET_PATHS = "\"App02-MyData/Preview Content\"";
				DEVELOPMENT_TEAM = 59266NU798;
				ENABLE_PREVIEWS = YES;
				INFOPLIST_FILE = "App02-MyData/Info.plist";
				IPHONEOS_DEPLOYMENT_TARGET = 14.0;
				LD_RUNPATH_SEARCH_PATHS = (
					"$(inherited)",
					"@executable_path/Frameworks",
				);
				PRODUCT_BUNDLE_IDENTIFIER = "A01400672.App02-MyData";
				PRODUCT_NAME = "$(TARGET_NAME)";
				SWIFT_VERSION = 5.0;
				TARGETED_DEVICE_FAMILY = "1,2";
			};
			name = Debug;
		};
		538ABDA225DA0C380034F15D /* Release */ = {
			isa = XCBuildConfiguration;
			buildSettings = {
				ASSETCATALOG_COMPILER_APPICON_NAME = AppIcon;
				ASSETCATALOG_COMPILER_GLOBAL_ACCENT_COLOR_NAME = AccentColor;
				CODE_SIGN_STYLE = Automatic;
				DEVELOPMENT_ASSET_PATHS = "\"App02-MyData/Preview Content\"";
				DEVELOPMENT_TEAM = 59266NU798;
				ENABLE_PREVIEWS = YES;
				INFOPLIST_FILE = "App02-MyData/Info.plist";
				IPHONEOS_DEPLOYMENT_TARGET = 14.0;
				LD_RUNPATH_SEARCH_PATHS = (
					"$(inherited)",
					"@executable_path/Frameworks",
				);
				PRODUCT_BUNDLE_IDENTIFIER = "A01400672.App02-MyData";
				PRODUCT_NAME = "$(TARGET_NAME)";
				SWIFT_VERSION = 5.0;
				TARGETED_DEVICE_FAMILY = "1,2";
			};
			name = Release;
		};
/* End XCBuildConfiguration section */

/* Begin XCConfigurationList section */
		538ABD8C25DA0C360034F15D /* Build configuration list for PBXProject "App02-MyData" */ = {
			isa = XCConfigurationList;
			buildConfigurations = (
				538ABD9E25DA0C380034F15D /* Debug */,
				538ABD9F25DA0C380034F15D /* Release */,
			);
			defaultConfigurationIsVisible = 0;
			defaultConfigurationName = Release;
		};
		538ABDA025DA0C380034F15D /* Build configuration list for PBXNativeTarget "App02-MyData" */ = {
			isa = XCConfigurationList;
			buildConfigurations = (
				538ABDA125DA0C380034F15D /* Debug */,
				538ABDA225DA0C380034F15D /* Release */,
			);
			defaultConfigurationIsVisible = 0;
			defaultConfigurationName = Release;
		};
/* End XCConfigurationList section */
	};
	rootObject = 538ABD8925DA0C360034F15D /* Project object */;
}
